{
  "projects": [
    {
      "projectId": "iDYYucUMnPTZtZHWq6wa5S",
      "version": "latest",
      "dependencies": {},
      "lang": "ts",
      "fileLocks": [
        {
          "type": "globalVariant",
          "assetId": "6VYEGjXRIPSV",
          "checksum": "40c12079f8437cb47b9d601f338568f2"
        },
        {
          "assetId": "iDYYucUMnPTZtZHWq6wa5S",
          "type": "projectCss",
          "checksum": "2cbeb3ed1e3b4628e636884335a7e78f"
        },
        {
          "type": "renderModule",
          "assetId": "IK4n_dCaMmgI",
          "checksum": "29de7251805a68522eb6359879e68bdc"
        },
        {
          "type": "cssRules",
          "assetId": "IK4n_dCaMmgI",
          "checksum": "29de7251805a68522eb6359879e68bdc"
        },
        {
          "type": "renderModule",
          "assetId": "cBTh31AHb-LG",
          "checksum": "f1e510d4d7bda46e5baeafce4fdc934b"
        },
        {
          "type": "cssRules",
          "assetId": "cBTh31AHb-LG",
          "checksum": "f1e510d4d7bda46e5baeafce4fdc934b"
        },
        {
          "type": "renderModule",
          "assetId": "yySgvClbgq_l",
          "checksum": "eef8be6f1978da0938e1cdf9592ac719"
        },
        {
          "type": "cssRules",
          "assetId": "yySgvClbgq_l",
          "checksum": "eef8be6f1978da0938e1cdf9592ac719"
        },
        {
          "type": "renderModule",
          "assetId": "fciyd94IYsUr",
          "checksum": "e0f042e83c151436050e66f570e710a4"
        },
        {
          "type": "cssRules",
          "assetId": "fciyd94IYsUr",
          "checksum": "e0f042e83c151436050e66f570e710a4"
        },
        {
          "type": "renderModule",
          "assetId": "RDmjjJMIyHGE",
          "checksum": "ffe1445f73af3e085c4b84055eb81ec5"
        },
        {
          "type": "cssRules",
          "assetId": "RDmjjJMIyHGE",
          "checksum": "ffe1445f73af3e085c4b84055eb81ec5"
        },
        {
          "type": "renderModule",
          "assetId": "f9fPDYp4wcZP",
          "checksum": "cbd242cf3f249f6aeb9c412a9c68bc92"
        },
        {
          "type": "cssRules",
          "assetId": "f9fPDYp4wcZP",
          "checksum": "cbd242cf3f249f6aeb9c412a9c68bc92"
        },
        {
          "type": "renderModule",
          "assetId": "_NfAvEpiXsSV",
          "checksum": "11a76d256cf24c33d0d54a1a4258470b"
        },
        {
          "type": "cssRules",
          "assetId": "_NfAvEpiXsSV",
          "checksum": "11a76d256cf24c33d0d54a1a4258470b"
        },
        {
          "type": "renderModule",
          "assetId": "J75cyigLT2Kw",
          "checksum": "d34c53df3e7e0f7cbb39fe0c659eb348"
        },
        {
          "type": "cssRules",
          "assetId": "J75cyigLT2Kw",
          "checksum": "d34c53df3e7e0f7cbb39fe0c659eb348"
        },
        {
          "type": "renderModule",
          "assetId": "L84isE6_go9c",
          "checksum": "a637b0ca6fa5429d580756062d7b4aeb"
        },
        {
          "type": "cssRules",
          "assetId": "L84isE6_go9c",
          "checksum": "a637b0ca6fa5429d580756062d7b4aeb"
        },
        {
          "type": "renderModule",
          "assetId": "nrlDI9ZCm1Ch",
          "checksum": "bedaacfac76fa41a57265fc82d246017"
        },
        {
          "type": "cssRules",
          "assetId": "nrlDI9ZCm1Ch",
          "checksum": "bedaacfac76fa41a57265fc82d246017"
        },
        {
          "type": "renderModule",
          "assetId": "ahNE6p1tck6O",
          "checksum": "73419fbe8f3d97177fc8a701fe421960"
        },
        {
          "type": "cssRules",
          "assetId": "ahNE6p1tck6O",
          "checksum": "73419fbe8f3d97177fc8a701fe421960"
        },
        {
          "type": "icon",
          "assetId": "5y3sxX0ryIDs",
          "checksum": "96b0475ab3a3f3d6b18d4398a3a8fbd9"
        },
        {
          "type": "icon",
          "assetId": "Akhp1rIttHIC",
          "checksum": "bb9a4556bc40c5f89be195a1f01c0265"
        },
        {
          "type": "icon",
          "assetId": "u5LyhGyFn1jy",
          "checksum": "81d66553c44510873c5e5a176ba3f5e9"
        },
        {
          "type": "icon",
          "assetId": "TpxxpvqE2Lnf",
          "checksum": "9fdd3a5681bdb21d8ac8e4a3c2983cd4"
        },
        {
          "type": "icon",
          "assetId": "D64RJqvxlHkN",
          "checksum": "7e150a38384f3f5a76c22967e6af1499"
        },
        {
          "type": "icon",
          "assetId": "hihfTyLWkpkh",
          "checksum": "d39339629014ba2289f9f2bdf6039703"
        },
        {
          "type": "icon",
          "assetId": "8wAuYNbtNvRS",
          "checksum": "23207216a5b8183aa9b05ae73ae48892"
        },
        {
          "type": "icon",
          "assetId": "WpBeTHoezZvD",
          "checksum": "1342eb5ae3301fb2308e80b38e090eb0"
        },
        {
          "type": "icon",
          "assetId": "b4UZy3ELoSQe",
          "checksum": "6a93946b39627dd25527d81f21d59771"
        },
        {
          "type": "image",
          "assetId": "sJv36qgHjAWq",
          "checksum": "c57bf9eae769a2fb85f45185744f3305"
        },
        {
          "type": "image",
          "assetId": "HvMmWiVYRJV-",
          "checksum": "b4b6c5fe2104e3c1dc5f12363a7244f0"
        },
        {
          "type": "image",
          "assetId": "K9vNjpNMTXUw",
          "checksum": "984b6ec5689b7dc74a1eae83cc034589"
        },
        {
          "type": "image",
          "assetId": "QZzBh2E--ZdR",
          "checksum": "2b979b75b8f02d6ef3cc953232902eab"
        },
        {
          "type": "image",
          "assetId": "d_nLCfab9Qdz",
          "checksum": "d65f9aee32a86a4fedc17353d997db2a"
        },
        {
          "type": "image",
          "assetId": "Yp3CYJ857xxA",
          "checksum": "bb42c9d2b8ac5927cbfaccdd1a9ea4b7"
        },
        {
          "type": "image",
          "assetId": "4AcaV1L9M6Pu",
          "checksum": "f4390b0b8228efd97de8e9b7034a924b"
        },
        {
          "type": "image",
          "assetId": "PP8SFiT_eS90",
          "checksum": "d2e1ac8521f02bde705447fe82a5775d"
        },
        {
          "type": "image",
          "assetId": "ry6c_KqdSyK4",
          "checksum": "ebbfed3008e53e84adb2a7f47530cef0"
        },
        {
          "type": "image",
          "assetId": "31NNHYb_lTIe",
          "checksum": "0b63236704f127d42aa25b40d4f188ce"
        },
        {
          "type": "image",
          "assetId": "xe0JTH7i9Gcx",
          "checksum": "0aaeec9708e0a0b38f38a44674fc58ad"
        },
        {
          "type": "image",
          "assetId": "eQWvTK7D3e4K",
          "checksum": "f2e394533f9bb7d3c2e6d9d1a575f3b2"
        },
        {
          "type": "image",
          "assetId": "ltx6ttHqMPPL",
          "checksum": "e17e670a1dedc18740d0425b192f3541"
        },
        {
          "type": "image",
          "assetId": "HaYV0VQKoqZg",
          "checksum": "325bb6c2676cc22d902ac7d5432ccb7b"
        },
        {
          "type": "image",
          "assetId": "UzTkqtiuoDfy",
          "checksum": "95a2d9f64bf8a530b2e758f5bec010c3"
        },
        {
          "type": "image",
          "assetId": "7ZP3UHCSaBYO",
          "checksum": "4499201adadc3062fea10f566911641f"
        },
        {
          "type": "image",
          "assetId": "HJeYw5pa74X2",
          "checksum": "3a81d3f7141da036b15d4c780efa7c9a"
        },
        {
          "type": "image",
          "assetId": "QOdMNkt9dyUS",
          "checksum": "149a4993862f692af23c4fca94834d11"
        },
        {
          "type": "image",
          "assetId": "U1-OzwwN65bf",
          "checksum": "1ce265956549bbf5ceac5b190c44c63e"
        },
        {
          "type": "image",
          "assetId": "OpD1aXr7pzeb",
          "checksum": "63d295567990c5c25b8d7cc90be4a6e5"
        },
        {
          "type": "image",
          "assetId": "JRZYgVkCsBVI",
          "checksum": "280fd03e393a580c9d6478d75da175ef"
        },
        {
          "type": "image",
          "assetId": "riz9cob0fYRx",
          "checksum": "1ee43a4fe24ad8df9c96afe49452e6be"
        },
        {
          "type": "image",
          "assetId": "Dy-9qIynKDM7",
          "checksum": "ade906e6595dbdbb5d49a0f1ed5a302c"
        },
        {
          "type": "image",
          "assetId": "kql-oges6oIq",
          "checksum": "4a691db1d7f210e4f95899c03e5cfb51"
        },
        {
          "type": "image",
          "assetId": "866yhhy26l2p",
          "checksum": "cb2259499186032ab65825dfdcd47416"
        },
        {
          "type": "image",
          "assetId": "5Of_QRD2mXf9",
          "checksum": "7181b0a814d2aff0fd0e5fa5e71b4c28"
        },
        {
          "type": "image",
          "assetId": "HV_4d4HO1Bu8",
          "checksum": "78378e75df741f664e9644ab7ed9ef3c"
        },
        {
          "type": "image",
          "assetId": "-YJr5jTixrgY",
          "checksum": "b323235cdb7cae2837fb872c35cb9e07"
        },
        {
          "type": "image",
          "assetId": "-7KMRDsPwcay",
          "checksum": "1a4fa3f317aa2fae779173ee319fc2b4"
        },
        {
          "type": "image",
          "assetId": "zcW9fH4nPgIq",
          "checksum": "5fa858046c7a6d5c2abd2b1d84d3872e"
        },
        {
          "type": "image",
          "assetId": "a-4juh6qbjPB",
          "checksum": "ecae68073fb4f7084b89ae9c4a16d53e"
        },
        {
          "type": "image",
          "assetId": "rMLO1hgfGlnY",
          "checksum": "93f4b4ff04d0d21dc5e96a9395775041"
        },
        {
          "type": "image",
          "assetId": "ETArB7BFo7WJ",
          "checksum": "bef814fd865e59b8160a6ecf92cf4548"
        },
        {
          "type": "image",
          "assetId": "Y1G8vsfNwHQu",
          "checksum": "6733ee7ebb2280835bbf8e265d132068"
        },
        {
          "type": "image",
          "assetId": "JaBiXkMo8x8c",
          "checksum": "cd1fa7b42e47e7424a37182f7fa0e0de"
        },
        {
          "type": "image",
          "assetId": "At8dXnZOFhKe",
          "checksum": "df7f1af3186b3254709858bcda48289c"
        },
        {
          "type": "image",
          "assetId": "o4N_yfIjcVhw",
          "checksum": "19d1bad78d67bc71ec769bd6241ecb4d"
        }
      ],
      "codegenVersion": "0.0.1"
    }
  ],
  "cliVersion": "0.1.330"
}
